{
  "name": "electron-react-boilerplate",
  "version": "4.5.0",
  "lockfileVersion": 2,
  "requires": true,
  "packages": {
    "": {
      "name": "electron-react-boilerplate",
      "version": "4.5.0",
      "hasInstallScript": true,
      "license": "MIT",
      "dependencies": {
        "@prisma/client": "3.8.1"
      },
      "devDependencies": {
        "prisma": "3.8.1"
      }
    },
    "node_modules/@prisma/client": {
      "version": "3.8.1",
      "resolved": "https://registry.npmjs.org/@prisma/client/-/client-3.8.1.tgz",
      "integrity": "sha512-NxD1Xbkx1eT1mxSwo1RwZe665mqBETs0VxohuwNfFIxMqcp0g6d4TgugPxwZ4Jb4e5wCu8mQ9quMedhNWIWcZQ==",
      "hasInstallScript": true,
      "dependencies": {
        "@prisma/engines-version": "3.8.0-43.34df67547cf5598f5a6cd3eb45f14ee70c3fb86f"
      },
      "engines": {
        "node": ">=12.6"
      },
      "peerDependencies": {
        "prisma": "*"
      },
      "peerDependenciesMeta": {
        "prisma": {
          "optional": true
        }
      }
    },
    "node_modules/@prisma/engines": {
      "version": "3.8.0-43.34df67547cf5598f5a6cd3eb45f14ee70c3fb86f",
      "resolved": "https://registry.npmjs.org/@prisma/engines/-/engines-3.8.0-43.34df67547cf5598f5a6cd3eb45f14ee70c3fb86f.tgz",
      "integrity": "sha512-bHYubuItSN/DGYo36aDu7xJiJmK52JOSHs4MK+KbceAtwS20BCWadRgtpQ3iZ2EXfN/B1T0iCXlNraaNwnpU2w==",
      "devOptional": true,
      "hasInstallScript": true
    },
    "node_modules/@prisma/engines-version": {
      "version": "3.8.0-43.34df67547cf5598f5a6cd3eb45f14ee70c3fb86f",
      "resolved": "https://registry.npmjs.org/@prisma/engines-version/-/engines-version-3.8.0-43.34df67547cf5598f5a6cd3eb45f14ee70c3fb86f.tgz",
      "integrity": "sha512-G2JH6yWt6ixGKmsRmVgaQYahfwMopim0u/XLIZUo2o/mZ5jdu7+BL+2V5lZr7XiG1axhyrpvlyqE/c0OgYSl3g=="
    },
    "node_modules/prisma": {
      "version": "3.8.1",
      "resolved": "https://registry.npmjs.org/prisma/-/prisma-3.8.1.tgz",
      "integrity": "sha512-Q8zHwS9m70TaD7qI8u+8hTAmiTpK+IpvRYF3Rgb/OeWGQJOMgZCFFvNCiSfoLEQ95wilK7ctW3KOpc9AuYnRUA==",
      "devOptional": true,
      "hasInstallScript": true,
      "dependencies": {
        "@prisma/engines": "3.8.0-43.34df67547cf5598f5a6cd3eb45f14ee70c3fb86f"
      },
      "bin": {
        "prisma": "build/index.js",
        "prisma2": "build/index.js"
      },
      "engines": {
        "node": ">=12.6"
      }
    }
  },
  "dependencies": {
    "@prisma/client": {
      "version": "3.8.1",
      "resolved": "https://registry.npmjs.org/@prisma/client/-/client-3.8.1.tgz",
      "integrity": "sha512-NxD1Xbkx1eT1mxSwo1RwZe665mqBETs0VxohuwNfFIxMqcp0g6d4TgugPxwZ4Jb4e5wCu8mQ9quMedhNWIWcZQ==",
      "requires": {
        "@prisma/engines-version": "3.8.0-43.34df67547cf5598f5a6cd3eb45f14ee70c3fb86f"
      }
    },
    "@prisma/engines": {
      "version": "3.8.0-43.34df67547cf5598f5a6cd3eb45f14ee70c3fb86f",
      "resolved": "https://registry.npmjs.org/@prisma/engines/-/engines-3.8.0-43.34df67547cf5598f5a6cd3eb45f14ee70c3fb86f.tgz",
      "integrity": "sha512-bHYubuItSN/DGYo36aDu7xJiJmK52JOSHs4MK+KbceAtwS20BCWadRgtpQ3iZ2EXfN/B1T0iCXlNraaNwnpU2w==",
      "devOptional": true
    },
    "@prisma/engines-version": {
      "version": "3.8.0-43.34df67547cf5598f5a6cd3eb45f14ee70c3fb86f",
      "resolved": "https://registry.npmjs.org/@prisma/engines-version/-/engines-version-3.8.0-43.34df67547cf5598f5a6cd3eb45f14ee70c3fb86f.tgz",
      "integrity": "sha512-G2JH6yWt6ixGKmsRmVgaQYahfwMopim0u/XLIZUo2o/mZ5jdu7+BL+2V5lZr7XiG1axhyrpvlyqE/c0OgYSl3g=="
    },
    "prisma": {
      "version": "3.8.1",
      "resolved": "https://registry.npmjs.org/prisma/-/prisma-3.8.1.tgz",
      "integrity": "sha512-Q8zHwS9m70TaD7qI8u+8hTAmiTpK+IpvRYF3Rgb/OeWGQJOMgZCFFvNCiSfoLEQ95wilK7ctW3KOpc9AuYnRUA==",
      "devOptional": true,
      "requires": {
        "@prisma/engines": "3.8.0-43.34df67547cf5598f5a6cd3eb45f14ee70c3fb86f"
      }
    }
  }
}
